
Microsoft Visual Studio Solution File, Format Version 12.00
# Visual Studio Version 16
VisualStudioVersion = 16.0.32126.315
MinimumVisualStudioVersion = 10.0.40219.1
Project("{FAE04EC0-301F-11D3-BF4B-00C04F79EFBC}") = "git01", "git01.csproj", "{8E15AADF-0BEC-4897-8EB5-4F351472E922}"
EndProject
Global
	GlobalSection(SolutionConfigurationPlatforms) = preSolution
		Debug|Any CPU = Debug|Any CPU
		Release|Any CPU = Release|Any CPU
	EndGlobalSection
	GlobalSection(ProjectConfigurationPlatforms) = postSolution
		{8E15AADF-0BEC-4897-8EB5-4F351472E922}.Debug|Any CPU.ActiveCfg = Debug|Any CPU
		{8E15AADF-0BEC-4897-8EB5-4F351472E922}.Debug|Any CPU.Build.0 = Debug|Any CPU
		{8E15AADF-0BEC-4897-8EB5-4F351472E922}.Release|Any CPU.ActiveCfg = Release|Any CPU
		{8E15AADF-0BEC-4897-8EB5-4F351472E922}.Release|Any CPU.Build.0 = Release|Any CPU
	EndGlobalSection
	GlobalSection(SolutionProperties) = preSolution
		HideSolutionNode = FALSE
	EndGlobalSection
	GlobalSection(ExtensibilityGlobals) = postSolution
		SolutionGuid = {77AD9A9A-938F-4E54-887B-F188BB225182}
	EndGlobalSection
EndGlobal
